
Microsoft Visual Studio Solution File, Format Version 12.00
# Visual Studio Version 16
VisualStudioVersion = 16.0.31729.503
MinimumVisualStudioVersion = 10.0.40219.1
Project("{8BC9CEB8-8B4A-11D0-8D11-00A0C91BC942}") = "Ex05_SpaceWar", "Ex05_SpaceWar\Ex05_SpaceWar.vcxproj", "{60848A91-EFCE-48C6-8DA3-C1B4CD4F6537}"
EndProject
Global
	GlobalSection(SolutionConfigurationPlatforms) = preSolution
		Debug|x64 = Debug|x64
		Debug|x86 = Debug|x86
		Release|x64 = Release|x64
		Release|x86 = Release|x86
	EndGlobalSection
	GlobalSection(ProjectConfigurationPlatforms) = postSolution
		{60848A91-EFCE-48C6-8DA3-C1B4CD4F6537}.Debug|x64.ActiveCfg = Debug|x64
		{60848A91-EFCE-48C6-8DA3-C1B4CD4F6537}.Debug|x64.Build.0 = Debug|x64
		{60848A91-EFCE-48C6-8DA3-C1B4CD4F6537}.Debug|x86.ActiveCfg = Debug|Win32
		{60848A91-EFCE-48C6-8DA3-C1B4CD4F6537}.Debug|x86.Build.0 = Debug|Win32
		{60848A91-EFCE-48C6-8DA3-C1B4CD4F6537}.Release|x64.ActiveCfg = Release|x64
		{60848A91-EFCE-48C6-8DA3-C1B4CD4F6537}.Release|x64.Build.0 = Release|x64
		{60848A91-EFCE-48C6-8DA3-C1B4CD4F6537}.Release|x86.ActiveCfg = Release|Win32
		{60848A91-EFCE-48C6-8DA3-C1B4CD4F6537}.Release|x86.Build.0 = Release|Win32
	EndGlobalSection
	GlobalSection(SolutionProperties) = preSolution
		HideSolutionNode = FALSE
	EndGlobalSection
	GlobalSection(ExtensibilityGlobals) = postSolution
		SolutionGuid = {6DFC7FB5-286B-4195-9B64-A3864CB72506}
	EndGlobalSection
EndGlobal
